
Microsoft Visual Studio Solution File, Format Version 12.00
# Visual Studio 15
VisualStudioVersion = 15.0.28307.1145
MinimumVisualStudioVersion = 10.0.40219.1
Project("{FAE04EC0-301F-11D3-BF4B-00C04F79EFBC}") = "sccs", "sccs\sccs.csproj", "{C6BCB687-DBD7-462A-824D-FB8C2B824682}"
EndProject
Global
	GlobalSection(SolutionConfigurationPlatforms) = preSolution
		Debug|Any CPU = Debug|Any CPU
		Release|Any CPU = Release|Any CPU
	EndGlobalSection
	GlobalSection(ProjectConfigurationPlatforms) = postSolution
		{C6BCB687-DBD7-462A-824D-FB8C2B824682}.Debug|Any CPU.ActiveCfg = Debug|Any CPU
		{C6BCB687-DBD7-462A-824D-FB8C2B824682}.Debug|Any CPU.Build.0 = Debug|Any CPU
		{C6BCB687-DBD7-462A-824D-FB8C2B824682}.Release|Any CPU.ActiveCfg = Release|Any CPU
		{C6BCB687-DBD7-462A-824D-FB8C2B824682}.Release|Any CPU.Build.0 = Release|Any CPU
	EndGlobalSection
	GlobalSection(SolutionProperties) = preSolution
		HideSolutionNode = FALSE
	EndGlobalSection
	GlobalSection(ExtensibilityGlobals) = postSolution
		SolutionGuid = {603484F8-5E74-4EB5-8AAD-CCAC88942064}
	EndGlobalSection
EndGlobal
